
Microsoft Visual Studio Solution File, Format Version 12.00
# Visual Studio Version 17
VisualStudioVersion = 17.9.34728.123
MinimumVisualStudioVersion = 10.0.40219.1
Project("{9A19103F-16F7-4668-BE54-9A1E7A4F7556}") = "HomeWork6_1_1", "HomeWork6_1_1\HomeWork6_1_1.csproj", "{7FFBA8E9-F24E-4DBF-A9A8-75A7A2CAA5D6}"
EndProject
Project("{FAE04EC0-301F-11D3-BF4B-00C04F79EFBC}") = "HomeWork6_1_2", "HomeWork6_1_2\HomeWork6_1_2.csproj", "{A24C74EE-12DE-4B6D-A75B-5E8464460A02}"
EndProject
Project("{FAE04EC0-301F-11D3-BF4B-00C04F79EFBC}") = "HomeWork6_1_3", "HomeWork6_1_3\HomeWork6_1_3.csproj", "{1313932B-4711-441D-8F88-F26373171922}"
EndProject
Global
	GlobalSection(SolutionConfigurationPlatforms) = preSolution
		Debug|Any CPU = Debug|Any CPU
		Release|Any CPU = Release|Any CPU
	EndGlobalSection
	GlobalSection(ProjectConfigurationPlatforms) = postSolution
		{7FFBA8E9-F24E-4DBF-A9A8-75A7A2CAA5D6}.Debug|Any CPU.ActiveCfg = Debug|Any CPU
		{7FFBA8E9-F24E-4DBF-A9A8-75A7A2CAA5D6}.Debug|Any CPU.Build.0 = Debug|Any CPU
		{7FFBA8E9-F24E-4DBF-A9A8-75A7A2CAA5D6}.Release|Any CPU.ActiveCfg = Release|Any CPU
		{7FFBA8E9-F24E-4DBF-A9A8-75A7A2CAA5D6}.Release|Any CPU.Build.0 = Release|Any CPU
		{A24C74EE-12DE-4B6D-A75B-5E8464460A02}.Debug|Any CPU.ActiveCfg = Debug|Any CPU
		{A24C74EE-12DE-4B6D-A75B-5E8464460A02}.Debug|Any CPU.Build.0 = Debug|Any CPU
		{A24C74EE-12DE-4B6D-A75B-5E8464460A02}.Release|Any CPU.ActiveCfg = Release|Any CPU
		{A24C74EE-12DE-4B6D-A75B-5E8464460A02}.Release|Any CPU.Build.0 = Release|Any CPU
		{1313932B-4711-441D-8F88-F26373171922}.Debug|Any CPU.ActiveCfg = Debug|Any CPU
		{1313932B-4711-441D-8F88-F26373171922}.Debug|Any CPU.Build.0 = Debug|Any CPU
		{1313932B-4711-441D-8F88-F26373171922}.Release|Any CPU.ActiveCfg = Release|Any CPU
		{1313932B-4711-441D-8F88-F26373171922}.Release|Any CPU.Build.0 = Release|Any CPU
	EndGlobalSection
	GlobalSection(SolutionProperties) = preSolution
		HideSolutionNode = FALSE
	EndGlobalSection
	GlobalSection(ExtensibilityGlobals) = postSolution
		SolutionGuid = {0211C325-033E-4949-AD32-D253000DE3F9}
	EndGlobalSection
EndGlobal
